// !$*UTF8*$!
{
	archiveVersion = 1;
	classes = {
	};
	objectVersion = 46;
	objects = {

/* Begin PBXBuildFile section */
		3E0751721B6DDB9200CBE645 /* AppDelegate.swift in Sources */ = {isa = PBXBuildFile; fileRef = 3E0751711B6DDB9200CBE645 /* AppDelegate.swift */; };
		3E0751741B6DDB9200CBE645 /* ViewController.swift in Sources */ = {isa = PBXBuildFile; fileRef = 3E0751731B6DDB9200CBE645 /* ViewController.swift */; };
		3E0751771B6DDB9200CBE645 /* Main.storyboard in Resources */ = {isa = PBXBuildFile; fileRef = 3E0751751B6DDB9200CBE645 /* Main.storyboard */; };
		3E0751791B6DDB9200CBE645 /* Images.xcassets in Resources */ = {isa = PBXBuildFile; fileRef = 3E0751781B6DDB9200CBE645 /* Images.xcassets */; };
		3E07517C1B6DDB9200CBE645 /* LaunchScreen.xib in Resources */ = {isa = PBXBuildFile; fileRef = 3E07517A1B6DDB9200CBE645 /* LaunchScreen.xib */; };
		3E0751881B6DDB9200CBE645 /* P3_RatingsTests.swift in Sources */ = {isa = PBXBuildFile; fileRef = 3E0751871B6DDB9200CBE645 /* P3_RatingsTests.swift */; };
		3E0751921B6DE28D00CBE645 /* PlayersTableViewController.swift in Sources */ = {isa = PBXBuildFile; fileRef = 3E0751911B6DE28D00CBE645 /* PlayersTableViewController.swift */; };
		3E0751941B6DE2DC00CBE645 /* Player.swift in Sources */ = {isa = PBXBuildFile; fileRef = 3E0751931B6DE2DC00CBE645 /* Player.swift */; };
		3E0751961B6DE37A00CBE645 /* SampleData.swift in Sources */ = {isa = PBXBuildFile; fileRef = 3E0751951B6DE37A00CBE645 /* SampleData.swift */; };
		3E0751981B6E328A00CBE645 /* PlayerTableViewCell.swift in Sources */ = {isa = PBXBuildFile; fileRef = 3E0751971B6E328A00CBE645 /* PlayerTableViewCell.swift */; };
/* End PBXBuildFile section */

/* Begin PBXContainerItemProxy section */
		3E0751821B6DDB9200CBE645 /* PBXContainerItemProxy */ = {
			isa = PBXContainerItemProxy;
			containerPortal = 3E0751641B6DDB9200CBE645 /* Project object */;
			proxyType = 1;
			remoteGlobalIDString = 3E07516B1B6DDB9200CBE645;
			remoteInfo = "P3-Ratings";
		};
/* End PBXContainerItemProxy section */

/* Begin PBXFileReference section */
		3E07516C1B6DDB9200CBE645 /* P3-Ratings.app */ = {isa = PBXFileReference; explicitFileType = wrapper.application; includeInIndex = 0; path = "P3-Ratings.app"; sourceTree = BUILT_PRODUCTS_DIR; };
		3E0751701B6DDB9200CBE645 /* Info.plist */ = {isa = PBXFileReference; lastKnownFileType = text.plist.xml; path = Info.plist; sourceTree = "<group>"; };
		3E0751711B6DDB9200CBE645 /* AppDelegate.swift */ = {isa = PBXFileReference; lastKnownFileType = sourcecode.swift; path = AppDelegate.swift; sourceTree = "<group>"; };
		3E0751731B6DDB9200CBE645 /* ViewController.swift */ = {isa = PBXFileReference; lastKnownFileType = sourcecode.swift; path = ViewController.swift; sourceTree = "<group>"; };
		3E0751761B6DDB9200CBE645 /* Base */ = {isa = PBXFileReference; lastKnownFileType = file.storyboard; name = Base; path = Base.lproj/Main.storyboard; sourceTree = "<group>"; };
		3E0751781B6DDB9200CBE645 /* Images.xcassets */ = {isa = PBXFileReference; lastKnownFileType = folder.assetcatalog; path = Images.xcassets; sourceTree = "<group>"; };
		3E07517B1B6DDB9200CBE645 /* Base */ = {isa = PBXFileReference; lastKnownFileType = file.xib; name = Base; path = Base.lproj/LaunchScreen.xib; sourceTree = "<group>"; };
		3E0751811B6DDB9200CBE645 /* P3-RatingsTests.xctest */ = {isa = PBXFileReference; explicitFileType = wrapper.cfbundle; includeInIndex = 0; path = "P3-RatingsTests.xctest"; sourceTree = BUILT_PRODUCTS_DIR; };
		3E0751861B6DDB9200CBE645 /* Info.plist */ = {isa = PBXFileReference; lastKnownFileType = text.plist.xml; path = Info.plist; sourceTree = "<group>"; };
		3E0751871B6DDB9200CBE645 /* P3_RatingsTests.swift */ = {isa = PBXFileReference; lastKnownFileType = sourcecode.swift; path = P3_RatingsTests.swift; sourceTree = "<group>"; };
		3E0751911B6DE28D00CBE645 /* PlayersTableViewController.swift */ = {isa = PBXFileReference; fileEncoding = 4; lastKnownFileType = sourcecode.swift; path = PlayersTableViewController.swift; sourceTree = "<group>"; };
		3E0751931B6DE2DC00CBE645 /* Player.swift */ = {isa = PBXFileReference; fileEncoding = 4; lastKnownFileType = sourcecode.swift; path = Player.swift; sourceTree = "<group>"; };
		3E0751951B6DE37A00CBE645 /* SampleData.swift */ = {isa = PBXFileReference; fileEncoding = 4; lastKnownFileType = sourcecode.swift; path = SampleData.swift; sourceTree = "<group>"; };
		3E0751971B6E328A00CBE645 /* PlayerTableViewCell.swift */ = {isa = PBXFileReference; fileEncoding = 4; lastKnownFileType = sourcecode.swift; path = PlayerTableViewCell.swift; sourceTree = "<group>"; };
/* End PBXFileReference section */

/* Begin PBXFrameworksBuildPhase section */
		3E0751691B6DDB9200CBE645 /* Frameworks */ = {
			isa = PBXFrameworksBuildPhase;
			buildActionMask = 2147483647;
			files = (
			);
			runOnlyForDeploymentPostprocessing = 0;
		};
		3E07517E1B6DDB9200CBE645 /* Frameworks */ = {
			isa = PBXFrameworksBuildPhase;
			buildActionMask = 2147483647;
			files = (
			);
			runOnlyForDeploymentPostprocessing = 0;
		};
/* End PBXFrameworksBuildPhase section */

/* Begin PBXGroup section */
		3E0751631B6DDB9200CBE645 = {
			isa = PBXGroup;
			children = (
				3E07516E1B6DDB9200CBE645 /* P3-Ratings */,
				3E0751841B6DDB9200CBE645 /* P3-RatingsTests */,
				3E07516D1B6DDB9200CBE645 /* Products */,
			);
			sourceTree = "<group>";
		};
		3E07516D1B6DDB9200CBE645 /* Products */ = {
			isa = PBXGroup;
			children = (
				3E07516C1B6DDB9200CBE645 /* P3-Ratings.app */,
				3E0751811B6DDB9200CBE645 /* P3-RatingsTests.xctest */,
			);
			name = Products;
			sourceTree = "<group>";
		};
		3E07516E1B6DDB9200CBE645 /* P3-Ratings */ = {
			isa = PBXGroup;
			children = (
				3E0751711B6DDB9200CBE645 /* AppDelegate.swift */,
				3E0751731B6DDB9200CBE645 /* ViewController.swift */,
				3E0751751B6DDB9200CBE645 /* Main.storyboard */,
				3E0751971B6E328A00CBE645 /* PlayerTableViewCell.swift */,
				3E0751931B6DE2DC00CBE645 /* Player.swift */,
				3E0751951B6DE37A00CBE645 /* SampleData.swift */,
				3E0751911B6DE28D00CBE645 /* PlayersTableViewController.swift */,
				3E0751781B6DDB9200CBE645 /* Images.xcassets */,
				3E07517A1B6DDB9200CBE645 /* LaunchScreen.xib */,
				3E07516F1B6DDB9200CBE645 /* Supporting Files */,
			);
			path = "P3-Ratings";
			sourceTree = "<group>";
		};
		3E07516F1B6DDB9200CBE645 /* Supporting Files */ = {
			isa = PBXGroup;
			children = (
				3E0751701B6DDB9200CBE645 /* Info.plist */,
			);
			name = "Supporting Files";
			sourceTree = "<group>";
		};
		3E0751841B6DDB9200CBE645 /* P3-RatingsTests */ = {
			isa = PBXGroup;
			children = (
				3E0751871B6DDB9200CBE645 /* P3_RatingsTests.swift */,
				3E0751851B6DDB9200CBE645 /* Supporting Files */,
			);
			path = "P3-RatingsTests";
			sourceTree = "<group>";
		};
		3E0751851B6DDB9200CBE645 /* Supporting Files */ = {
			isa = PBXGroup;
			children = (
				3E0751861B6DDB9200CBE645 /* Info.plist */,
			);
			name = "Supporting Files";
			sourceTree = "<group>";
		};
/* End PBXGroup section */

/* Begin PBXNativeTarget section */
		3E07516B1B6DDB9200CBE645 /* P3-Ratings */ = {
			isa = PBXNativeTarget;
			buildConfigurationList = 3E07518B1B6DDB9200CBE645 /* Build configuration list for PBXNativeTarget "P3-Ratings" */;
			buildPhases = (
				3E0751681B6DDB9200CBE645 /* Sources */,
				3E0751691B6DDB9200CBE645 /* Frameworks */,
				3E07516A1B6DDB9200CBE645 /* Resources */,
			);
			buildRules = (
			);
			dependencies = (
			);
			name = "P3-Ratings";
			productName = "P3-Ratings";
			productReference = 3E07516C1B6DDB9200CBE645 /* P3-Ratings.app */;
			productType = "com.apple.product-type.application";
		};
		3E0751801B6DDB9200CBE645 /* P3-RatingsTests */ = {
			isa = PBXNativeTarget;
			buildConfigurationList = 3E07518E1B6DDB9200CBE645 /* Build configuration list for PBXNativeTarget "P3-RatingsTests" */;
			buildPhases = (
				3E07517D1B6DDB9200CBE645 /* Sources */,
				3E07517E1B6DDB9200CBE645 /* Frameworks */,
				3E07517F1B6DDB9200CBE645 /* Resources */,
			);
			buildRules = (
			);
			dependencies = (
				3E0751831B6DDB9200CBE645 /* PBXTargetDependency */,
			);
			name = "P3-RatingsTests";
			productName = "P3-RatingsTests";
			productReference = 3E0751811B6DDB9200CBE645 /* P3-RatingsTests.xctest */;
			productType = "com.apple.product-type.bundle.unit-test";
		};
/* End PBXNativeTarget section */

/* Begin PBXProject section */
		3E0751641B6DDB9200CBE645 /* Project object */ = {
			isa = PBXProject;
			attributes = {
				LastUpgradeCheck = 0640;
				ORGANIZATIONNAME = "Self Taught iOS";
				TargetAttributes = {
					3E07516B1B6DDB9200CBE645 = {
						CreatedOnToolsVersion = 6.4;
					};
					3E0751801B6DDB9200CBE645 = {
						CreatedOnToolsVersion = 6.4;
						TestTargetID = 3E07516B1B6DDB9200CBE645;
					};
				};
			};
			buildConfigurationList = 3E0751671B6DDB9200CBE645 /* Build configuration list for PBXProject "P3-Ratings" */;
			compatibilityVersion = "Xcode 3.2";
			developmentRegion = English;
			hasScannedForEncodings = 0;
			knownRegions = (
				en,
				Base,
			);
			mainGroup = 3E0751631B6DDB9200CBE645;
			productRefGroup = 3E07516D1B6DDB9200CBE645 /* Products */;
			projectDirPath = "";
			projectRoot = "";
			targets = (
				3E07516B1B6DDB9200CBE645 /* P3-Ratings */,
				3E0751801B6DDB9200CBE645 /* P3-RatingsTests */,
			);
		};
/* End PBXProject section */

/* Begin PBXResourcesBuildPhase section */
		3E07516A1B6DDB9200CBE645 /* Resources */ = {
			isa = PBXResourcesBuildPhase;
			buildActionMask = 2147483647;
			files = (
				3E0751771B6DDB9200CBE645 /* Main.storyboard in Resources */,
				3E07517C1B6DDB9200CBE645 /* LaunchScreen.xib in Resources */,
				3E0751791B6DDB9200CBE645 /* Images.xcassets in Resources */,
			);
			runOnlyForDeploymentPostprocessing = 0;
		};
		3E07517F1B6DDB9200CBE645 /* Resources */ = {
			isa = PBXResourcesBuildPhase;
			buildActionMask = 2147483647;
			files = (
			);
			runOnlyForDeploymentPostprocessing = 0;
		};
/* End PBXResourcesBuildPhase section */

/* Begin PBXSourcesBuildPhase section */
		3E0751681B6DDB9200CBE645 /* Sources */ = {
			isa = PBXSourcesBuildPhase;
			buildActionMask = 2147483647;
			files = (
				3E0751981B6E328A00CBE645 /* PlayerTableViewCell.swift in Sources */,
				3E0751941B6DE2DC00CBE645 /* Player.swift in Sources */,
				3E0751741B6DDB9200CBE645 /* ViewController.swift in Sources */,
				3E0751721B6DDB9200CBE645 /* AppDelegate.swift in Sources */,
				3E0751961B6DE37A00CBE645 /* SampleData.swift in Sources */,
				3E0751921B6DE28D00CBE645 /* PlayersTableViewController.swift in Sources */,
			);
			runOnlyForDeploymentPostprocessing = 0;
		};
		3E07517D1B6DDB9200CBE645 /* Sources */ = {
			isa = PBXSourcesBuildPhase;
			buildActionMask = 2147483647;
			files = (
				3E0751881B6DDB9200CBE645 /* P3_RatingsTests.swift in Sources */,
			);
			runOnlyForDeploymentPostprocessing = 0;
		};
/* End PBXSourcesBuildPhase section */

/* Begin PBXTargetDependency section */
		3E0751831B6DDB9200CBE645 /* PBXTargetDependency */ = {
			isa = PBXTargetDependency;
			target = 3E07516B1B6DDB9200CBE645 /* P3-Ratings */;
			targetProxy = 3E0751821B6DDB9200CBE645 /* PBXContainerItemProxy */;
		};
/* End PBXTargetDependency section */

/* Begin PBXVariantGroup section */
		3E0751751B6DDB9200CBE645 /* Main.storyboard */ = {
			isa = PBXVariantGroup;
			children = (
				3E0751761B6DDB9200CBE645 /* Base */,
			);
			name = Main.storyboard;
			sourceTree = "<group>";
		};
		3E07517A1B6DDB9200CBE645 /* LaunchScreen.xib */ = {
			isa = PBXVariantGroup;
			children = (
				3E07517B1B6DDB9200CBE645 /* Base */,
			);
			name = LaunchScreen.xib;
			sourceTree = "<group>";
		};
/* End PBXVariantGroup section */

/* Begin XCBuildConfiguration section */
		3E0751891B6DDB9200CBE645 /* Debug */ = {
			isa = XCBuildConfiguration;
			buildSettings = {
				ALWAYS_SEARCH_USER_PATHS = NO;
				CLANG_CXX_LANGUAGE_STANDARD = "gnu++0x";
				CLANG_CXX_LIBRARY = "libc++";
				CLANG_ENABLE_MODULES = YES;
				CLANG_ENABLE_OBJC_ARC = YES;
				CLANG_WARN_BOOL_CONVERSION = YES;
				CLANG_WARN_CONSTANT_CONVERSION = YES;
				CLANG_WARN_DIRECT_OBJC_ISA_USAGE = YES_ERROR;
				CLANG_WARN_EMPTY_BODY = YES;
				CLANG_WARN_ENUM_CONVERSION = YES;
				CLANG_WARN_INT_CONVERSION = YES;
				CLANG_WARN_OBJC_ROOT_CLASS = YES_ERROR;
				CLANG_WARN_UNREACHABLE_CODE = YES;
				CLANG_WARN__DUPLICATE_METHOD_MATCH = YES;
				"CODE_SIGN_IDENTITY[sdk=iphoneos*]" = "iPhone Developer";
				COPY_PHASE_STRIP = NO;
				DEBUG_INFORMATION_FORMAT = "dwarf-with-dsym";
				ENABLE_STRICT_OBJC_MSGSEND = YES;
				GCC_C_LANGUAGE_STANDARD = gnu99;
				GCC_DYNAMIC_NO_PIC = NO;
				GCC_NO_COMMON_BLOCKS = YES;
				GCC_OPTIMIZATION_LEVEL = 0;
				GCC_PREPROCESSOR_DEFINITIONS = (
					"DEBUG=1",
					"$(inherited)",
				);
				GCC_SYMBOLS_PRIVATE_EXTERN = NO;
				GCC_WARN_64_TO_32_BIT_CONVERSION = YES;
				GCC_WARN_ABOUT_RETURN_TYPE = YES_ERROR;
				GCC_WARN_UNDECLARED_SELECTOR = YES;
				GCC_WARN_UNINITIALIZED_AUTOS = YES_AGGRESSIVE;
				GCC_WARN_UNUSED_FUNCTION = YES;
				GCC_WARN_UNUSED_VARIABLE = YES;
				IPHONEOS_DEPLOYMENT_TARGET = 8.4;
				MTL_ENABLE_DEBUG_INFO = YES;
				ONLY_ACTIVE_ARCH = YES;
				SDKROOT = iphoneos;
				SWIFT_OPTIMIZATION_LEVEL = "-Onone";
			};
			name = Debug;
		};
		3E07518A1B6DDB9200CBE645 /* Release */ = {
			isa = XCBuildConfiguration;
			buildSettings = {
				ALWAYS_SEARCH_USER_PATHS = NO;
				CLANG_CXX_LANGUAGE_STANDARD = "gnu++0x";
				CLANG_CXX_LIBRARY = "libc++";
				CLANG_ENABLE_MODULES = YES;
				CLANG_ENABLE_OBJC_ARC = YES;
				CLANG_WARN_BOOL_CONVERSION = YES;
				CLANG_WARN_CONSTANT_CONVERSION = YES;
				CLANG_WARN_DIRECT_OBJC_ISA_USAGE = YES_ERROR;
				CLANG_WARN_EMPTY_BODY = YES;
				CLANG_WARN_ENUM_CONVERSION = YES;
				CLANG_WARN_INT_CONVERSION = YES;
				CLANG_WARN_OBJC_ROOT_CLASS = YES_ERROR;
				CLANG_WARN_UNREACHABLE_CODE = YES;
				CLANG_WARN__DUPLICATE_METHOD_MATCH = YES;
				"CODE_SIGN_IDENTITY[sdk=iphoneos*]" = "iPhone Developer";
				COPY_PHASE_STRIP = NO;
				DEBUG_INFORMATION_FORMAT = "dwarf-with-dsym";
				ENABLE_NS_ASSERTIONS = NO;
				ENABLE_STRICT_OBJC_MSGSEND = YES;
				GCC_C_LANGUAGE_STANDARD = gnu99;
				GCC_NO_COMMON_BLOCKS = YES;
				GCC_WARN_64_TO_32_BIT_CONVERSION = YES;
				GCC_WARN_ABOUT_RETURN_TYPE = YES_ERROR;
				GCC_WARN_UNDECLARED_SELECTOR = YES;
				GCC_WARN_UNINITIALIZED_AUTOS = YES_AGGRESSIVE;
				GCC_WARN_UNUSED_FUNCTION = YES;
				GCC_WARN_UNUSED_VARIABLE = YES;
				IPHONEOS_DEPLOYMENT_TARGET = 8.4;
				MTL_ENABLE_DEBUG_INFO = NO;
				SDKROOT = iphoneos;
				VALIDATE_PRODUCT = YES;
			};
			name = Release;
		};
		3E07518C1B6DDB9200CBE645 /* Debug */ = {
			isa = XCBuildConfiguration;
			buildSettings = {
				ASSETCATALOG_COMPILER_APPICON_NAME = AppIcon;
				INFOPLIST_FILE = "P3-Ratings/Info.plist";
				LD_RUNPATH_SEARCH_PATHS = "$(inherited) @executable_path/Frameworks";
				PRODUCT_NAME = "$(TARGET_NAME)";
			};
			name = Debug;
		};
		3E07518D1B6DDB9200CBE645 /* Release */ = {
			isa = XCBuildConfiguration;
			buildSettings = {
				ASSETCATALOG_COMPILER_APPICON_NAME = AppIcon;
				INFOPLIST_FILE = "P3-Ratings/Info.plist";
				LD_RUNPATH_SEARCH_PATHS = "$(inherited) @executable_path/Frameworks";
				PRODUCT_NAME = "$(TARGET_NAME)";
			};
			name = Release;
		};
		3E07518F1B6DDB9200CBE645 /* Debug */ = {
			isa = XCBuildConfiguration;
			buildSettings = {
				BUNDLE_LOADER = "$(TEST_HOST)";
				FRAMEWORK_SEARCH_PATHS = (
					"$(SDKROOT)/Developer/Library/Frameworks",
					"$(inherited)",
				);
				GCC_PREPROCESSOR_DEFINITIONS = (
					"DEBUG=1",
					"$(inherited)",
				);
				INFOPLIST_FILE = "P3-RatingsTests/Info.plist";
				LD_RUNPATH_SEARCH_PATHS = "$(inherited) @executable_path/Frameworks @loader_path/Frameworks";
				PRODUCT_NAME = "$(TARGET_NAME)";
				TEST_HOST = "$(BUILT_PRODUCTS_DIR)/P3-Ratings.app/P3-Ratings";
			};
			name = Debug;
		};
		3E0751901B6DDB9200CBE645 /* Release */ = {
			isa = XCBuildConfiguration;
			buildSettings = {
				BUNDLE_LOADER = "$(TEST_HOST)";
				FRAMEWORK_SEARCH_PATHS = (
					"$(SDKROOT)/Developer/Library/Frameworks",
					"$(inherited)",
				);
				INFOPLIST_FILE = "P3-RatingsTests/Info.plist";
				LD_RUNPATH_SEARCH_PATHS = "$(inherited) @executable_path/Frameworks @loader_path/Frameworks";
				PRODUCT_NAME = "$(TARGET_NAME)";
				TEST_HOST = "$(BUILT_PRODUCTS_DIR)/P3-Ratings.app/P3-Ratings";
			};
			name = Release;
		};
/* End XCBuildConfiguration section */

/* Begin XCConfigurationList section */
		3E0751671B6DDB9200CBE645 /* Build configuration list for PBXProject "P3-Ratings" */ = {
			isa = XCConfigurationList;
			buildConfigurations = (
				3E0751891B6DDB9200CBE645 /* Debug */,
				3E07518A1B6DDB9200CBE645 /* Release */,
			);
			defaultConfigurationIsVisible = 0;
			defaultConfigurationName = Release;
		};
		3E07518B1B6DDB9200CBE645 /* Build configuration list for PBXNativeTarget "P3-Ratings" */ = {
			isa = XCConfigurationList;
			buildConfigurations = (
				3E07518C1B6DDB9200CBE645 /* Debug */,
				3E07518D1B6DDB9200CBE645 /* Release */,
			);
			defaultConfigurationIsVisible = 0;
		};
		3E07518E1B6DDB9200CBE645 /* Build configuration list for PBXNativeTarget "P3-RatingsTests" */ = {
			isa = XCConfigurationList;
			buildConfigurations = (
				3E07518F1B6DDB9200CBE645 /* Debug */,
				3E0751901B6DDB9200CBE645 /* Release */,
			);
			defaultConfigurationIsVisible = 0;
		};
/* End XCConfigurationList section */
	};
	rootObject = 3E0751641B6DDB9200CBE645 /* Project object */;
}
